
Microsoft Visual Studio Solution File, Format Version 12.00
# Visual Studio Version 17
VisualStudioVersion = 17.14.36915.13 d17.14
MinimumVisualStudioVersion = 10.0.40219.1
Project("{FAE04EC0-301F-11D3-BF4B-00C04F79EFBC}") = "P5_U5_CSHARPINTERMEDIO_IDLRH", "P5_U5_CSHARPINTERMEDIO_IDLRH.csproj", "{D080BCAE-E3B4-434D-8857-0CABD1860C3F}"
EndProject
Project("{FAE04EC0-301F-11D3-BF4B-00C04F79EFBC}") = "DB", "..\DB\DB.csproj", "{D3EE8217-936B-4B1E-832A-53C8DEC5E600}"
EndProject
Global
	GlobalSection(SolutionConfigurationPlatforms) = preSolution
		Debug|Any CPU = Debug|Any CPU
		Release|Any CPU = Release|Any CPU
	EndGlobalSection
	GlobalSection(ProjectConfigurationPlatforms) = postSolution
		{D080BCAE-E3B4-434D-8857-0CABD1860C3F}.Debug|Any CPU.ActiveCfg = Debug|Any CPU
		{D080BCAE-E3B4-434D-8857-0CABD1860C3F}.Debug|Any CPU.Build.0 = Debug|Any CPU
		{D080BCAE-E3B4-434D-8857-0CABD1860C3F}.Release|Any CPU.ActiveCfg = Release|Any CPU
		{D080BCAE-E3B4-434D-8857-0CABD1860C3F}.Release|Any CPU.Build.0 = Release|Any CPU
		{D3EE8217-936B-4B1E-832A-53C8DEC5E600}.Debug|Any CPU.ActiveCfg = Debug|Any CPU
		{D3EE8217-936B-4B1E-832A-53C8DEC5E600}.Debug|Any CPU.Build.0 = Debug|Any CPU
		{D3EE8217-936B-4B1E-832A-53C8DEC5E600}.Release|Any CPU.ActiveCfg = Release|Any CPU
		{D3EE8217-936B-4B1E-832A-53C8DEC5E600}.Release|Any CPU.Build.0 = Release|Any CPU
	EndGlobalSection
	GlobalSection(SolutionProperties) = preSolution
		HideSolutionNode = FALSE
	EndGlobalSection
	GlobalSection(ExtensibilityGlobals) = postSolution
		SolutionGuid = {44D1A35E-63C5-407B-A006-8898914730D5}
	EndGlobalSection
EndGlobal
